--- 
dependencies: 
- authlogic: = 2.1.3
- mislav-will_paginate: = 2.3.11
- lukeredpath-simpleconfig: = 1.0.2
- ruby-net-ldap: = 0.0.4
- josevalim-rails-footnotes: ">= 0"
- redgreen: ">= 0"
- thoughtbot-factory_girl: = 1.2.2
- webrat: = 0.6.0
- cucumber: = 0.6.1
- rspec: = 1.2.9
- rspec-rails: = 1.2.9
- cucumber-rails: ">= 0.2.3"
- database_cleaner: ">= 0.2.3"
- webrat: ">= 0.6.0"
- rspec: ">= 1.2.9"
- rspec-rails: ">= 1.2.9"
- thoughtbot-factory_girl: = 1.2.2
specs: 
- josevalim-rails-footnotes: 
    version: 3.6.2
- nokogiri: 
    version: 1.4.1
- thoughtbot-factory_girl: 
    version: 1.2.2
- builder: 
    version: 2.1.2
- activesupport: 
    version: 2.3.5
- json_pure: 
    version: 1.2.0
- redgreen: 
    version: 1.2.2
- cucumber-rails: 
    version: 0.2.3
- rack: 
    version: 1.1.0
- webrat: 
    version: 0.6.0
- database_cleaner: 
    version: 0.4.1
- mislav-will_paginate: 
    version: 2.3.11
- authlogic: 
    version: 2.1.3
- diff-lcs: 
    version: 1.1.2
- rspec: 
    version: 1.2.9
- rspec-rails: 
    version: 1.2.9
- polyglot: 
    version: 0.2.9
- treetop: 
    version: 1.4.3
- lukeredpath-simpleconfig: 
    version: 1.0.2
- ruby-net-ldap: 
    version: 0.0.4
- term-ansicolor: 
    version: 1.0.4
- cucumber: 
    version: 0.6.1
hash: 9f655d7d490ccc8451007dcb28bd7f880a2aa04a
sources: 
- Rubygems: 
    uri: http://gemcutter.org
